
Microsoft Visual Studio Solution File, Format Version 12.00
# Visual Studio 15
VisualStudioVersion = 15.0.28010.2048
MinimumVisualStudioVersion = 10.0.40219.1
Project("{2150E333-8FDC-42A3-9474-1A3956D46DE8}") = "src", "src", "{C8F65BCD-3730-4DAF-A497-F4F864FFB756}"
EndProject
Project("{A07B5EB6-E848-4116-A8D0-A826331D98C6}") = "FileStorage", "src\FileStorage\FileStorage.sfproj", "{2289E71B-B38F-42F3-99C9-76BC84651CCB}"
EndProject
Project("{9A19103F-16F7-4668-BE54-9A1E7A4F7556}") = "FileStorageApi", "src\FileStorageApi\FileStorageApi.csproj", "{D742987C-4F4D-4339-A493-7D1A74DDCD33}"
EndProject
Project("{9A19103F-16F7-4668-BE54-9A1E7A4F7556}") = "FastDFS", "src\sub\fdfs\src\FastDFS\FastDFS.csproj", "{2C68D373-B600-423C-936A-195833CD9E4A}"
EndProject
Project("{2150E333-8FDC-42A3-9474-1A3956D46DE8}") = "test", "test", "{43FB8570-5772-459E-AFDB-EFA9B0F0852B}"
EndProject
Project("{2150E333-8FDC-42A3-9474-1A3956D46DE8}") = "01_Infrastructure", "01_Infrastructure", "{67418C3B-F1DA-4651-9F5A-4931FBBBC432}"
EndProject
Project("{2150E333-8FDC-42A3-9474-1A3956D46DE8}") = "02_Domain", "02_Domain", "{60A5007D-F7B7-4DE3-93DD-333C980E548C}"
EndProject
Project("{2150E333-8FDC-42A3-9474-1A3956D46DE8}") = "03_Application", "03_Application", "{7188A3AA-3B5B-44D1-B4FF-32111554B95C}"
EndProject
Project("{2150E333-8FDC-42A3-9474-1A3956D46DE8}") = "04_Presentation", "04_Presentation", "{4AA727D9-FC8B-43D3-A369-E2016DD0101B}"
EndProject
Project("{2150E333-8FDC-42A3-9474-1A3956D46DE8}") = "05_Deployment", "05_Deployment", "{833D9440-874F-45D9-ACFB-256608ED1692}"
EndProject
Project("{FAE04EC0-301F-11D3-BF4B-00C04F79EFBC}") = "FileStorage.Core", "src\FileStorage.Core\FileStorage.Core.csproj", "{A80BA4D9-6F56-4254-BCCB-B0DD568615FF}"
EndProject
Project("{FAE04EC0-301F-11D3-BF4B-00C04F79EFBC}") = "FileStorage.FDFS", "src\FileStorage.FDFS\FileStorage.FDFS.csproj", "{8B051428-61D5-4099-86D4-B0083725966A}"
EndProject
Project("{FAE04EC0-301F-11D3-BF4B-00C04F79EFBC}") = "FileStorage.Application", "src\FileStorage.Application\FileStorage.Application.csproj", "{78B551A0-0ECA-42AC-90E4-980C2748B14A}"
EndProject
Global
	GlobalSection(SolutionConfigurationPlatforms) = preSolution
		Debug|Any CPU = Debug|Any CPU
		Debug|x64 = Debug|x64
		Release|Any CPU = Release|Any CPU
		Release|x64 = Release|x64
	EndGlobalSection
	GlobalSection(ProjectConfigurationPlatforms) = postSolution
		{2289E71B-B38F-42F3-99C9-76BC84651CCB}.Debug|Any CPU.ActiveCfg = Debug|x64
		{2289E71B-B38F-42F3-99C9-76BC84651CCB}.Debug|x64.ActiveCfg = Debug|x64
		{2289E71B-B38F-42F3-99C9-76BC84651CCB}.Debug|x64.Build.0 = Debug|x64
		{2289E71B-B38F-42F3-99C9-76BC84651CCB}.Debug|x64.Deploy.0 = Debug|x64
		{2289E71B-B38F-42F3-99C9-76BC84651CCB}.Release|Any CPU.ActiveCfg = Release|x64
		{2289E71B-B38F-42F3-99C9-76BC84651CCB}.Release|x64.ActiveCfg = Release|x64
		{2289E71B-B38F-42F3-99C9-76BC84651CCB}.Release|x64.Build.0 = Release|x64
		{2289E71B-B38F-42F3-99C9-76BC84651CCB}.Release|x64.Deploy.0 = Release|x64
		{D742987C-4F4D-4339-A493-7D1A74DDCD33}.Debug|Any CPU.ActiveCfg = Debug|Any CPU
		{D742987C-4F4D-4339-A493-7D1A74DDCD33}.Debug|Any CPU.Build.0 = Debug|Any CPU
		{D742987C-4F4D-4339-A493-7D1A74DDCD33}.Debug|x64.ActiveCfg = Debug|Any CPU
		{D742987C-4F4D-4339-A493-7D1A74DDCD33}.Debug|x64.Build.0 = Debug|Any CPU
		{D742987C-4F4D-4339-A493-7D1A74DDCD33}.Release|Any CPU.ActiveCfg = Release|Any CPU
		{D742987C-4F4D-4339-A493-7D1A74DDCD33}.Release|Any CPU.Build.0 = Release|Any CPU
		{D742987C-4F4D-4339-A493-7D1A74DDCD33}.Release|x64.ActiveCfg = Release|Any CPU
		{D742987C-4F4D-4339-A493-7D1A74DDCD33}.Release|x64.Build.0 = Release|Any CPU
		{2C68D373-B600-423C-936A-195833CD9E4A}.Debug|Any CPU.ActiveCfg = Debug|Any CPU
		{2C68D373-B600-423C-936A-195833CD9E4A}.Debug|Any CPU.Build.0 = Debug|Any CPU
		{2C68D373-B600-423C-936A-195833CD9E4A}.Debug|x64.ActiveCfg = Debug|Any CPU
		{2C68D373-B600-423C-936A-195833CD9E4A}.Debug|x64.Build.0 = Debug|Any CPU
		{2C68D373-B600-423C-936A-195833CD9E4A}.Release|Any CPU.ActiveCfg = Release|Any CPU
		{2C68D373-B600-423C-936A-195833CD9E4A}.Release|Any CPU.Build.0 = Release|Any CPU
		{2C68D373-B600-423C-936A-195833CD9E4A}.Release|x64.ActiveCfg = Release|Any CPU
		{2C68D373-B600-423C-936A-195833CD9E4A}.Release|x64.Build.0 = Release|Any CPU
		{A80BA4D9-6F56-4254-BCCB-B0DD568615FF}.Debug|Any CPU.ActiveCfg = Debug|Any CPU
		{A80BA4D9-6F56-4254-BCCB-B0DD568615FF}.Debug|Any CPU.Build.0 = Debug|Any CPU
		{A80BA4D9-6F56-4254-BCCB-B0DD568615FF}.Debug|x64.ActiveCfg = Debug|Any CPU
		{A80BA4D9-6F56-4254-BCCB-B0DD568615FF}.Debug|x64.Build.0 = Debug|Any CPU
		{A80BA4D9-6F56-4254-BCCB-B0DD568615FF}.Release|Any CPU.ActiveCfg = Release|Any CPU
		{A80BA4D9-6F56-4254-BCCB-B0DD568615FF}.Release|Any CPU.Build.0 = Release|Any CPU
		{A80BA4D9-6F56-4254-BCCB-B0DD568615FF}.Release|x64.ActiveCfg = Release|Any CPU
		{A80BA4D9-6F56-4254-BCCB-B0DD568615FF}.Release|x64.Build.0 = Release|Any CPU
		{8B051428-61D5-4099-86D4-B0083725966A}.Debug|Any CPU.ActiveCfg = Debug|Any CPU
		{8B051428-61D5-4099-86D4-B0083725966A}.Debug|Any CPU.Build.0 = Debug|Any CPU
		{8B051428-61D5-4099-86D4-B0083725966A}.Debug|x64.ActiveCfg = Debug|Any CPU
		{8B051428-61D5-4099-86D4-B0083725966A}.Debug|x64.Build.0 = Debug|Any CPU
		{8B051428-61D5-4099-86D4-B0083725966A}.Release|Any CPU.ActiveCfg = Release|Any CPU
		{8B051428-61D5-4099-86D4-B0083725966A}.Release|Any CPU.Build.0 = Release|Any CPU
		{8B051428-61D5-4099-86D4-B0083725966A}.Release|x64.ActiveCfg = Release|Any CPU
		{8B051428-61D5-4099-86D4-B0083725966A}.Release|x64.Build.0 = Release|Any CPU
		{78B551A0-0ECA-42AC-90E4-980C2748B14A}.Debug|Any CPU.ActiveCfg = Debug|Any CPU
		{78B551A0-0ECA-42AC-90E4-980C2748B14A}.Debug|Any CPU.Build.0 = Debug|Any CPU
		{78B551A0-0ECA-42AC-90E4-980C2748B14A}.Debug|x64.ActiveCfg = Debug|Any CPU
		{78B551A0-0ECA-42AC-90E4-980C2748B14A}.Debug|x64.Build.0 = Debug|Any CPU
		{78B551A0-0ECA-42AC-90E4-980C2748B14A}.Release|Any CPU.ActiveCfg = Release|Any CPU
		{78B551A0-0ECA-42AC-90E4-980C2748B14A}.Release|Any CPU.Build.0 = Release|Any CPU
		{78B551A0-0ECA-42AC-90E4-980C2748B14A}.Release|x64.ActiveCfg = Release|Any CPU
		{78B551A0-0ECA-42AC-90E4-980C2748B14A}.Release|x64.Build.0 = Release|Any CPU
	EndGlobalSection
	GlobalSection(SolutionProperties) = preSolution
		HideSolutionNode = FALSE
	EndGlobalSection
	GlobalSection(NestedProjects) = preSolution
		{2289E71B-B38F-42F3-99C9-76BC84651CCB} = {833D9440-874F-45D9-ACFB-256608ED1692}
		{D742987C-4F4D-4339-A493-7D1A74DDCD33} = {4AA727D9-FC8B-43D3-A369-E2016DD0101B}
		{2C68D373-B600-423C-936A-195833CD9E4A} = {60A5007D-F7B7-4DE3-93DD-333C980E548C}
		{67418C3B-F1DA-4651-9F5A-4931FBBBC432} = {C8F65BCD-3730-4DAF-A497-F4F864FFB756}
		{60A5007D-F7B7-4DE3-93DD-333C980E548C} = {C8F65BCD-3730-4DAF-A497-F4F864FFB756}
		{7188A3AA-3B5B-44D1-B4FF-32111554B95C} = {C8F65BCD-3730-4DAF-A497-F4F864FFB756}
		{4AA727D9-FC8B-43D3-A369-E2016DD0101B} = {C8F65BCD-3730-4DAF-A497-F4F864FFB756}
		{833D9440-874F-45D9-ACFB-256608ED1692} = {C8F65BCD-3730-4DAF-A497-F4F864FFB756}
		{A80BA4D9-6F56-4254-BCCB-B0DD568615FF} = {67418C3B-F1DA-4651-9F5A-4931FBBBC432}
		{8B051428-61D5-4099-86D4-B0083725966A} = {60A5007D-F7B7-4DE3-93DD-333C980E548C}
		{78B551A0-0ECA-42AC-90E4-980C2748B14A} = {7188A3AA-3B5B-44D1-B4FF-32111554B95C}
	EndGlobalSection
	GlobalSection(ExtensibilityGlobals) = postSolution
		SolutionGuid = {9FAFA70F-1ED1-4DBD-83CB-4F56E775D36B}
	EndGlobalSection
EndGlobal
